
Microsoft Visual Studio Solution File, Format Version 12.00
# Visual Studio 15
VisualStudioVersion = 15.0.28307.757
MinimumVisualStudioVersion = 10.0.40219.1
Project("{E24C65DC-7377-472B-9ABA-BC803B73C61A}") = "demo1", "demo1\", "{F0F0E5C5-A56E-49F6-8C48-42247EE11CF7}"
	ProjectSection(WebsiteProperties) = preProject
		TargetFrameworkMoniker = ".NETFramework,Version%3Dv4.0"
		Debug.AspNetCompiler.VirtualPath = "/localhost_51666"
		Debug.AspNetCompiler.PhysicalPath = "demo1\"
		Debug.AspNetCompiler.TargetPath = "PrecompiledWeb\localhost_51666\"
		Debug.AspNetCompiler.Updateable = "true"
		Debug.AspNetCompiler.ForceOverwrite = "true"
		Debug.AspNetCompiler.FixedNames = "false"
		Debug.AspNetCompiler.Debug = "True"
		Release.AspNetCompiler.VirtualPath = "/localhost_51666"
		Release.AspNetCompiler.PhysicalPath = "demo1\"
		Release.AspNetCompiler.TargetPath = "PrecompiledWeb\localhost_51666\"
		Release.AspNetCompiler.Updateable = "true"
		Release.AspNetCompiler.ForceOverwrite = "true"
		Release.AspNetCompiler.FixedNames = "false"
		Release.AspNetCompiler.Debug = "False"
		VWDPort = "51666"
		SlnRelativePath = "demo1\"
		DefaultWebSiteLanguage = "Visual C#"
	EndProjectSection
EndProject
Global
	GlobalSection(SolutionConfigurationPlatforms) = preSolution
		Debug|Any CPU = Debug|Any CPU
	EndGlobalSection
	GlobalSection(ProjectConfigurationPlatforms) = postSolution
		{F0F0E5C5-A56E-49F6-8C48-42247EE11CF7}.Debug|Any CPU.ActiveCfg = Debug|Any CPU
		{F0F0E5C5-A56E-49F6-8C48-42247EE11CF7}.Debug|Any CPU.Build.0 = Debug|Any CPU
	EndGlobalSection
	GlobalSection(SolutionProperties) = preSolution
		HideSolutionNode = FALSE
	EndGlobalSection
	GlobalSection(ExtensibilityGlobals) = postSolution
		SolutionGuid = {978F01B8-B643-4201-AB99-30C3A9D7EFC3}
	EndGlobalSection
EndGlobal
