
Microsoft Visual Studio Solution File, Format Version 12.00
# Visual Studio 15
VisualStudioVersion = 15.0.28307.757
MinimumVisualStudioVersion = 10.0.40219.1
Project("{FAE04EC0-301F-11D3-BF4B-00C04F79EFBC}") = "demo", "demo\demo.csproj", "{F259FE65-4D7F-4E66-A884-261186732149}"
EndProject
Global
	GlobalSection(SolutionConfigurationPlatforms) = preSolution
		Debug|Any CPU = Debug|Any CPU
		Release|Any CPU = Release|Any CPU
	EndGlobalSection
	GlobalSection(ProjectConfigurationPlatforms) = postSolution
		{F259FE65-4D7F-4E66-A884-261186732149}.Debug|Any CPU.ActiveCfg = Debug|Any CPU
		{F259FE65-4D7F-4E66-A884-261186732149}.Debug|Any CPU.Build.0 = Debug|Any CPU
		{F259FE65-4D7F-4E66-A884-261186732149}.Release|Any CPU.ActiveCfg = Release|Any CPU
		{F259FE65-4D7F-4E66-A884-261186732149}.Release|Any CPU.Build.0 = Release|Any CPU
	EndGlobalSection
	GlobalSection(SolutionProperties) = preSolution
		HideSolutionNode = FALSE
	EndGlobalSection
	GlobalSection(ExtensibilityGlobals) = postSolution
		SolutionGuid = {C77A6207-73CB-4E89-8A46-0C78DDA5420D}
	EndGlobalSection
EndGlobal
